// !$*UTF8*$!
{
	archiveVersion = 1;
	classes = {
	};
	objectVersion = 60;
	objects = {

/* Begin PBXBuildFile section */
		A301E55B2BC70DD800FA1CAF /* JunoUI in Frameworks */ = {isa = PBXBuildFile; productRef = A301E55A2BC70DD800FA1CAF /* JunoUI */; };
		A341FCB62B7C285900CCCA3C /* LoginView.swift in Sources */ = {isa = PBXBuildFile; fileRef = A341FCB52B7C285900CCCA3C /* LoginView.swift */; };
		A34F02D02B77082A006A58FA /* WKWebViewControlsVM.swift in Sources */ = {isa = PBXBuildFile; fileRef = A34F02CF2B77082A006A58FA /* WKWebViewControlsVM.swift */; };
		A3679C1E2B76A17F004916A9 /* style.css in Resources */ = {isa = PBXBuildFile; fileRef = A3679C1D2B76A17F004916A9 /* style.css */; };
		A3699E1C2BC8CAAA008C835B /* primeFootersStyling.js in Resources */ = {isa = PBXBuildFile; fileRef = A3699E1B2BC8CAAA008C835B /* primeFootersStyling.js */; };
		A3699E1E2BC8CCFC008C835B /* primeHeadersStyling.js in Resources */ = {isa = PBXBuildFile; fileRef = A3699E1D2BC8CCFC008C835B /* primeHeadersStyling.js */; };
		A3699E202BC8CD3E008C835B /* episodesElementStyling.js in Resources */ = {isa = PBXBuildFile; fileRef = A3699E1F2BC8CD3E008C835B /* episodesElementStyling.js */; };
		A3699E222BC8CD73008C835B /* episodeActionBoxStyling.js in Resources */ = {isa = PBXBuildFile; fileRef = A3699E212BC8CD73008C835B /* episodeActionBoxStyling.js */; };
		A3699E242BC8CD9F008C835B /* downloadEpisodeUnavailableActionBoxStyling.js in Resources */ = {isa = PBXBuildFile; fileRef = A3699E232BC8CD9F008C835B /* downloadEpisodeUnavailableActionBoxStyling.js */; };
		A3699E262BC8CDEC008C835B /* removeWatchPartyButtonStyling.js in Resources */ = {isa = PBXBuildFile; fileRef = A3699E252BC8CDEC008C835B /* removeWatchPartyButtonStyling.js */; };
		A3699E282BC8CE11008C835B /* primeSkipLinkStyling.js in Resources */ = {isa = PBXBuildFile; fileRef = A3699E272BC8CE11008C835B /* primeSkipLinkStyling.js */; };
		A3699E2A2BC8CE72008C835B /* primeBackgroundStyling.js in Resources */ = {isa = PBXBuildFile; fileRef = A3699E292BC8CE72008C835B /* primeBackgroundStyling.js */; };
		A3699E2C2BC8CE9D008C835B /* fixVideoPlayer.js in Resources */ = {isa = PBXBuildFile; fileRef = A3699E2B2BC8CE9D008C835B /* fixVideoPlayer.js */; };
		A3699E2E2BC8CED2008C835B /* loadOnMobileBrowsers.js in Resources */ = {isa = PBXBuildFile; fileRef = A3699E2D2BC8CED2008C835B /* loadOnMobileBrowsers.js */; };
		A382D4EC2BC8815D00E8D70F /* .swiftlint.yml in Resources */ = {isa = PBXBuildFile; fileRef = A382D4EB2BC8815D00E8D70F /* .swiftlint.yml */; };
		A3B8DDDC2B7A988700A78F0E /* VideoPlayerView.swift in Sources */ = {isa = PBXBuildFile; fileRef = A3B8DDDB2B7A988700A78F0E /* VideoPlayerView.swift */; };
		A3D1143A2B6F4A9800412FEA /* SpectraApp.swift in Sources */ = {isa = PBXBuildFile; fileRef = A3D114392B6F4A9800412FEA /* SpectraApp.swift */; };
		A3D1143C2B6F4A9800412FEA /* ContentView.swift in Sources */ = {isa = PBXBuildFile; fileRef = A3D1143B2B6F4A9800412FEA /* ContentView.swift */; };
		A3D1143E2B6F4A9A00412FEA /* Assets.xcassets in Resources */ = {isa = PBXBuildFile; fileRef = A3D1143D2B6F4A9A00412FEA /* Assets.xcassets */; };
		A3D114412B6F4A9A00412FEA /* Preview Assets.xcassets in Resources */ = {isa = PBXBuildFile; fileRef = A3D114402B6F4A9A00412FEA /* Preview Assets.xcassets */; };
		A3D114492B6F4D0200412FEA /* WKWebViewRepresentable.swift in Sources */ = {isa = PBXBuildFile; fileRef = A3D114482B6F4D0200412FEA /* WKWebViewRepresentable.swift */; };
/* End PBXBuildFile section */

/* Begin PBXFileReference section */
		A341FCB52B7C285900CCCA3C /* LoginView.swift */ = {isa = PBXFileReference; lastKnownFileType = sourcecode.swift; path = LoginView.swift; sourceTree = "<group>"; };
		A34F02CF2B77082A006A58FA /* WKWebViewControlsVM.swift */ = {isa = PBXFileReference; lastKnownFileType = sourcecode.swift; path = WKWebViewControlsVM.swift; sourceTree = "<group>"; };
		A3679C1D2B76A17F004916A9 /* style.css */ = {isa = PBXFileReference; lastKnownFileType = text.css; path = style.css; sourceTree = "<group>"; };
		A3699E1B2BC8CAAA008C835B /* primeFootersStyling.js */ = {isa = PBXFileReference; lastKnownFileType = sourcecode.javascript; path = primeFootersStyling.js; sourceTree = "<group>"; };
		A3699E1D2BC8CCFC008C835B /* primeHeadersStyling.js */ = {isa = PBXFileReference; lastKnownFileType = sourcecode.javascript; path = primeHeadersStyling.js; sourceTree = "<group>"; };
		A3699E1F2BC8CD3E008C835B /* episodesElementStyling.js */ = {isa = PBXFileReference; lastKnownFileType = sourcecode.javascript; path = episodesElementStyling.js; sourceTree = "<group>"; };
		A3699E212BC8CD73008C835B /* episodeActionBoxStyling.js */ = {isa = PBXFileReference; lastKnownFileType = sourcecode.javascript; path = episodeActionBoxStyling.js; sourceTree = "<group>"; };
		A3699E232BC8CD9F008C835B /* downloadEpisodeUnavailableActionBoxStyling.js */ = {isa = PBXFileReference; lastKnownFileType = sourcecode.javascript; path = downloadEpisodeUnavailableActionBoxStyling.js; sourceTree = "<group>"; };
		A3699E252BC8CDEC008C835B /* removeWatchPartyButtonStyling.js */ = {isa = PBXFileReference; lastKnownFileType = sourcecode.javascript; path = removeWatchPartyButtonStyling.js; sourceTree = "<group>"; };
		A3699E272BC8CE11008C835B /* primeSkipLinkStyling.js */ = {isa = PBXFileReference; lastKnownFileType = sourcecode.javascript; path = primeSkipLinkStyling.js; sourceTree = "<group>"; };
		A3699E292BC8CE72008C835B /* primeBackgroundStyling.js */ = {isa = PBXFileReference; lastKnownFileType = sourcecode.javascript; path = primeBackgroundStyling.js; sourceTree = "<group>"; };
		A3699E2B2BC8CE9D008C835B /* fixVideoPlayer.js */ = {isa = PBXFileReference; lastKnownFileType = sourcecode.javascript; path = fixVideoPlayer.js; sourceTree = "<group>"; };
		A3699E2D2BC8CED2008C835B /* loadOnMobileBrowsers.js */ = {isa = PBXFileReference; lastKnownFileType = sourcecode.javascript; path = loadOnMobileBrowsers.js; sourceTree = "<group>"; };
		A382D4EB2BC8815D00E8D70F /* .swiftlint.yml */ = {isa = PBXFileReference; lastKnownFileType = text.yaml; path = .swiftlint.yml; sourceTree = "<group>"; };
		A3B8DDDB2B7A988700A78F0E /* VideoPlayerView.swift */ = {isa = PBXFileReference; lastKnownFileType = sourcecode.swift; path = VideoPlayerView.swift; sourceTree = "<group>"; };
		A3D114322B6F4A9800412FEA /* Spectra.app */ = {isa = PBXFileReference; explicitFileType = wrapper.application; includeInIndex = 0; path = Spectra.app; sourceTree = BUILT_PRODUCTS_DIR; };
		A3D114392B6F4A9800412FEA /* SpectraApp.swift */ = {isa = PBXFileReference; lastKnownFileType = sourcecode.swift; path = SpectraApp.swift; sourceTree = "<group>"; };
		A3D1143B2B6F4A9800412FEA /* ContentView.swift */ = {isa = PBXFileReference; lastKnownFileType = sourcecode.swift; path = ContentView.swift; sourceTree = "<group>"; };
		A3D1143D2B6F4A9A00412FEA /* Assets.xcassets */ = {isa = PBXFileReference; lastKnownFileType = folder.assetcatalog; path = Assets.xcassets; sourceTree = "<group>"; };
		A3D114402B6F4A9A00412FEA /* Preview Assets.xcassets */ = {isa = PBXFileReference; lastKnownFileType = folder.assetcatalog; path = "Preview Assets.xcassets"; sourceTree = "<group>"; };
		A3D114422B6F4A9A00412FEA /* Info.plist */ = {isa = PBXFileReference; lastKnownFileType = text.plist.xml; path = Info.plist; sourceTree = "<group>"; };
		A3D114482B6F4D0200412FEA /* WKWebViewRepresentable.swift */ = {isa = PBXFileReference; lastKnownFileType = sourcecode.swift; path = WKWebViewRepresentable.swift; sourceTree = "<group>"; };
/* End PBXFileReference section */

/* Begin PBXFrameworksBuildPhase section */
		A3D1142F2B6F4A9800412FEA /* Frameworks */ = {
			isa = PBXFrameworksBuildPhase;
			buildActionMask = 2147483647;
			files = (
				A301E55B2BC70DD800FA1CAF /* JunoUI in Frameworks */,
			);
			runOnlyForDeploymentPostprocessing = 0;
		};
/* End PBXFrameworksBuildPhase section */

/* Begin PBXGroup section */
		A3A5AFB52B7D31E700BF2934 /* WebCode */ = {
			isa = PBXGroup;
			children = (
				A3679C1D2B76A17F004916A9 /* style.css */,
				A3699E1B2BC8CAAA008C835B /* primeFootersStyling.js */,
				A3699E1D2BC8CCFC008C835B /* primeHeadersStyling.js */,
				A3699E1F2BC8CD3E008C835B /* episodesElementStyling.js */,
				A3699E212BC8CD73008C835B /* episodeActionBoxStyling.js */,
				A3699E232BC8CD9F008C835B /* downloadEpisodeUnavailableActionBoxStyling.js */,
				A3699E252BC8CDEC008C835B /* removeWatchPartyButtonStyling.js */,
				A3699E272BC8CE11008C835B /* primeSkipLinkStyling.js */,
				A3699E292BC8CE72008C835B /* primeBackgroundStyling.js */,
				A3699E2B2BC8CE9D008C835B /* fixVideoPlayer.js */,
				A3699E2D2BC8CED2008C835B /* loadOnMobileBrowsers.js */,
			);
			path = WebCode;
			sourceTree = "<group>";
		};
		A3D114292B6F4A9800412FEA = {
			isa = PBXGroup;
			children = (
				A3D114342B6F4A9800412FEA /* Spectra */,
				A3D114332B6F4A9800412FEA /* Products */,
				A3DF9ED92B7EA5C700E42AB3 /* Frameworks */,
			);
			sourceTree = "<group>";
		};
		A3D114332B6F4A9800412FEA /* Products */ = {
			isa = PBXGroup;
			children = (
				A3D114322B6F4A9800412FEA /* Spectra.app */,
			);
			name = Products;
			sourceTree = "<group>";
		};
		A3D114342B6F4A9800412FEA /* Spectra */ = {
			isa = PBXGroup;
			children = (
				A3D114392B6F4A9800412FEA /* SpectraApp.swift */,
				A3D114482B6F4D0200412FEA /* WKWebViewRepresentable.swift */,
				A341FCB52B7C285900CCCA3C /* LoginView.swift */,
				A3D1143B2B6F4A9800412FEA /* ContentView.swift */,
				A3B8DDDB2B7A988700A78F0E /* VideoPlayerView.swift */,
				A34F02CF2B77082A006A58FA /* WKWebViewControlsVM.swift */,
				A3A5AFB52B7D31E700BF2934 /* WebCode */,
				A3D1143D2B6F4A9A00412FEA /* Assets.xcassets */,
				A3D114422B6F4A9A00412FEA /* Info.plist */,
				A382D4EB2BC8815D00E8D70F /* .swiftlint.yml */,
				A3D1143F2B6F4A9A00412FEA /* Preview Content */,
			);
			path = Spectra;
			sourceTree = "<group>";
		};
		A3D1143F2B6F4A9A00412FEA /* Preview Content */ = {
			isa = PBXGroup;
			children = (
				A3D114402B6F4A9A00412FEA /* Preview Assets.xcassets */,
			);
			path = "Preview Content";
			sourceTree = "<group>";
		};
		A3DF9ED92B7EA5C700E42AB3 /* Frameworks */ = {
			isa = PBXGroup;
			children = (
			);
			name = Frameworks;
			sourceTree = "<group>";
		};
/* End PBXGroup section */

/* Begin PBXNativeTarget section */
		A3D114312B6F4A9800412FEA /* Spectra */ = {
			isa = PBXNativeTarget;
			buildConfigurationList = A3D114452B6F4A9A00412FEA /* Build configuration list for PBXNativeTarget "Spectra" */;
			buildPhases = (
				A3D1142E2B6F4A9800412FEA /* Sources */,
				A3D1142F2B6F4A9800412FEA /* Frameworks */,
				A3D114302B6F4A9800412FEA /* Resources */,
			);
			buildRules = (
			);
			dependencies = (
				A35C32142BC87CFE00DB8167 /* PBXTargetDependency */,
			);
			name = Spectra;
			packageProductDependencies = (
				A301E55A2BC70DD800FA1CAF /* JunoUI */,
			);
			productName = Spectra;
			productReference = A3D114322B6F4A9800412FEA /* Spectra.app */;
			productType = "com.apple.product-type.application";
		};
/* End PBXNativeTarget section */

/* Begin PBXProject section */
		A3D1142A2B6F4A9800412FEA /* Project object */ = {
			isa = PBXProject;
			attributes = {
				BuildIndependentTargetsInParallel = 1;
				LastSwiftUpdateCheck = 1520;
				LastUpgradeCheck = 1520;
				TargetAttributes = {
					A3D114312B6F4A9800412FEA = {
						CreatedOnToolsVersion = 15.2;
					};
				};
			};
			buildConfigurationList = A3D1142D2B6F4A9800412FEA /* Build configuration list for PBXProject "Spectra" */;
			compatibilityVersion = "Xcode 14.0";
			developmentRegion = en;
			hasScannedForEncodings = 0;
			knownRegions = (
				en,
				Base,
			);
			mainGroup = A3D114292B6F4A9800412FEA;
			packageReferences = (
				A301E5592BC70DD800FA1CAF /* XCLocalSwiftPackageReference "../../Apple/Packages/JunoSlider" */,
				A35C32122BC87C7F00DB8167 /* XCRemoteSwiftPackageReference "SwiftLint" */,
			);
			productRefGroup = A3D114332B6F4A9800412FEA /* Products */;
			projectDirPath = "";
			projectRoot = "";
			targets = (
				A3D114312B6F4A9800412FEA /* Spectra */,
			);
		};
/* End PBXProject section */

/* Begin PBXResourcesBuildPhase section */
		A3D114302B6F4A9800412FEA /* Resources */ = {
			isa = PBXResourcesBuildPhase;
			buildActionMask = 2147483647;
			files = (
				A382D4EC2BC8815D00E8D70F /* .swiftlint.yml in Resources */,
				A3699E242BC8CD9F008C835B /* downloadEpisodeUnavailableActionBoxStyling.js in Resources */,
				A3679C1E2B76A17F004916A9 /* style.css in Resources */,
				A3D114412B6F4A9A00412FEA /* Preview Assets.xcassets in Resources */,
				A3699E2E2BC8CED2008C835B /* loadOnMobileBrowsers.js in Resources */,
				A3699E1C2BC8CAAA008C835B /* primeFootersStyling.js in Resources */,
				A3699E1E2BC8CCFC008C835B /* primeHeadersStyling.js in Resources */,
				A3699E282BC8CE11008C835B /* primeSkipLinkStyling.js in Resources */,
				A3699E2A2BC8CE72008C835B /* primeBackgroundStyling.js in Resources */,
				A3699E2C2BC8CE9D008C835B /* fixVideoPlayer.js in Resources */,
				A3699E262BC8CDEC008C835B /* removeWatchPartyButtonStyling.js in Resources */,
				A3699E202BC8CD3E008C835B /* episodesElementStyling.js in Resources */,
				A3D1143E2B6F4A9A00412FEA /* Assets.xcassets in Resources */,
				A3699E222BC8CD73008C835B /* episodeActionBoxStyling.js in Resources */,
			);
			runOnlyForDeploymentPostprocessing = 0;
		};
/* End PBXResourcesBuildPhase section */

/* Begin PBXSourcesBuildPhase section */
		A3D1142E2B6F4A9800412FEA /* Sources */ = {
			isa = PBXSourcesBuildPhase;
			buildActionMask = 2147483647;
			files = (
				A341FCB62B7C285900CCCA3C /* LoginView.swift in Sources */,
				A3D114492B6F4D0200412FEA /* WKWebViewRepresentable.swift in Sources */,
				A3D1143C2B6F4A9800412FEA /* ContentView.swift in Sources */,
				A34F02D02B77082A006A58FA /* WKWebViewControlsVM.swift in Sources */,
				A3D1143A2B6F4A9800412FEA /* SpectraApp.swift in Sources */,
				A3B8DDDC2B7A988700A78F0E /* VideoPlayerView.swift in Sources */,
			);
			runOnlyForDeploymentPostprocessing = 0;
		};
/* End PBXSourcesBuildPhase section */

/* Begin PBXTargetDependency section */
		A35C32142BC87CFE00DB8167 /* PBXTargetDependency */ = {
			isa = PBXTargetDependency;
			productRef = A35C32132BC87CFE00DB8167 /* SwiftLintPlugin */;
		};
/* End PBXTargetDependency section */

/* Begin XCBuildConfiguration section */
		A3D114432B6F4A9A00412FEA /* Debug */ = {
			isa = XCBuildConfiguration;
			buildSettings = {
				ALWAYS_SEARCH_USER_PATHS = NO;
				ASSETCATALOG_COMPILER_GENERATE_SWIFT_ASSET_SYMBOL_EXTENSIONS = YES;
				CLANG_ANALYZER_NONNULL = YES;
				CLANG_ANALYZER_NUMBER_OBJECT_CONVERSION = YES_AGGRESSIVE;
				CLANG_CXX_LANGUAGE_STANDARD = "gnu++20";
				CLANG_ENABLE_MODULES = YES;
				CLANG_ENABLE_OBJC_ARC = YES;
				CLANG_ENABLE_OBJC_WEAK = YES;
				CLANG_WARN_BLOCK_CAPTURE_AUTORELEASING = YES;
				CLANG_WARN_BOOL_CONVERSION = YES;
				CLANG_WARN_COMMA = YES;
				CLANG_WARN_CONSTANT_CONVERSION = YES;
				CLANG_WARN_DEPRECATED_OBJC_IMPLEMENTATIONS = YES;
				CLANG_WARN_DIRECT_OBJC_ISA_USAGE = YES_ERROR;
				CLANG_WARN_DOCUMENTATION_COMMENTS = YES;
				CLANG_WARN_EMPTY_BODY = YES;
				CLANG_WARN_ENUM_CONVERSION = YES;
				CLANG_WARN_INFINITE_RECURSION = YES;
				CLANG_WARN_INT_CONVERSION = YES;
				CLANG_WARN_NON_LITERAL_NULL_CONVERSION = YES;
				CLANG_WARN_OBJC_IMPLICIT_RETAIN_SELF = YES;
				CLANG_WARN_OBJC_LITERAL_CONVERSION = YES;
				CLANG_WARN_OBJC_ROOT_CLASS = YES_ERROR;
				CLANG_WARN_QUOTED_INCLUDE_IN_FRAMEWORK_HEADER = YES;
				CLANG_WARN_RANGE_LOOP_ANALYSIS = YES;
				CLANG_WARN_STRICT_PROTOTYPES = YES;
				CLANG_WARN_SUSPICIOUS_MOVE = YES;
				CLANG_WARN_UNGUARDED_AVAILABILITY = YES_AGGRESSIVE;
				CLANG_WARN_UNREACHABLE_CODE = YES;
				CLANG_WARN__DUPLICATE_METHOD_MATCH = YES;
				COPY_PHASE_STRIP = NO;
				DEBUG_INFORMATION_FORMAT = dwarf;
				ENABLE_STRICT_OBJC_MSGSEND = YES;
				ENABLE_TESTABILITY = YES;
				ENABLE_USER_SCRIPT_SANDBOXING = NO;
				GCC_C_LANGUAGE_STANDARD = gnu17;
				GCC_DYNAMIC_NO_PIC = NO;
				GCC_NO_COMMON_BLOCKS = YES;
				GCC_OPTIMIZATION_LEVEL = 0;
				GCC_PREPROCESSOR_DEFINITIONS = (
					"DEBUG=1",
					"$(inherited)",
				);
				GCC_WARN_64_TO_32_BIT_CONVERSION = YES;
				GCC_WARN_ABOUT_RETURN_TYPE = YES_ERROR;
				GCC_WARN_UNDECLARED_SELECTOR = YES;
				GCC_WARN_UNINITIALIZED_AUTOS = YES_AGGRESSIVE;
				GCC_WARN_UNUSED_FUNCTION = YES;
				GCC_WARN_UNUSED_VARIABLE = YES;
				LOCALIZATION_PREFERS_STRING_CATALOGS = YES;
				MTL_ENABLE_DEBUG_INFO = INCLUDE_SOURCE;
				MTL_FAST_MATH = YES;
				ONLY_ACTIVE_ARCH = YES;
				SDKROOT = xros;
				SWIFT_ACTIVE_COMPILATION_CONDITIONS = "DEBUG $(inherited)";
				SWIFT_OPTIMIZATION_LEVEL = "-Onone";
				XROS_DEPLOYMENT_TARGET = 1.0;
			};
			name = Debug;
		};
		A3D114442B6F4A9A00412FEA /* Release */ = {
			isa = XCBuildConfiguration;
			buildSettings = {
				ALWAYS_SEARCH_USER_PATHS = NO;
				ASSETCATALOG_COMPILER_GENERATE_SWIFT_ASSET_SYMBOL_EXTENSIONS = YES;
				CLANG_ANALYZER_NONNULL = YES;
				CLANG_ANALYZER_NUMBER_OBJECT_CONVERSION = YES_AGGRESSIVE;
				CLANG_CXX_LANGUAGE_STANDARD = "gnu++20";
				CLANG_ENABLE_MODULES = YES;
				CLANG_ENABLE_OBJC_ARC = YES;
				CLANG_ENABLE_OBJC_WEAK = YES;
				CLANG_WARN_BLOCK_CAPTURE_AUTORELEASING = YES;
				CLANG_WARN_BOOL_CONVERSION = YES;
				CLANG_WARN_COMMA = YES;
				CLANG_WARN_CONSTANT_CONVERSION = YES;
				CLANG_WARN_DEPRECATED_OBJC_IMPLEMENTATIONS = YES;
				CLANG_WARN_DIRECT_OBJC_ISA_USAGE = YES_ERROR;
				CLANG_WARN_DOCUMENTATION_COMMENTS = YES;
				CLANG_WARN_EMPTY_BODY = YES;
				CLANG_WARN_ENUM_CONVERSION = YES;
				CLANG_WARN_INFINITE_RECURSION = YES;
				CLANG_WARN_INT_CONVERSION = YES;
				CLANG_WARN_NON_LITERAL_NULL_CONVERSION = YES;
				CLANG_WARN_OBJC_IMPLICIT_RETAIN_SELF = YES;
				CLANG_WARN_OBJC_LITERAL_CONVERSION = YES;
				CLANG_WARN_OBJC_ROOT_CLASS = YES_ERROR;
				CLANG_WARN_QUOTED_INCLUDE_IN_FRAMEWORK_HEADER = YES;
				CLANG_WARN_RANGE_LOOP_ANALYSIS = YES;
				CLANG_WARN_STRICT_PROTOTYPES = YES;
				CLANG_WARN_SUSPICIOUS_MOVE = YES;
				CLANG_WARN_UNGUARDED_AVAILABILITY = YES_AGGRESSIVE;
				CLANG_WARN_UNREACHABLE_CODE = YES;
				CLANG_WARN__DUPLICATE_METHOD_MATCH = YES;
				COPY_PHASE_STRIP = NO;
				DEBUG_INFORMATION_FORMAT = "dwarf-with-dsym";
				ENABLE_NS_ASSERTIONS = NO;
				ENABLE_STRICT_OBJC_MSGSEND = YES;
				ENABLE_USER_SCRIPT_SANDBOXING = NO;
				GCC_C_LANGUAGE_STANDARD = gnu17;
				GCC_NO_COMMON_BLOCKS = YES;
				GCC_WARN_64_TO_32_BIT_CONVERSION = YES;
				GCC_WARN_ABOUT_RETURN_TYPE = YES_ERROR;
				GCC_WARN_UNDECLARED_SELECTOR = YES;
				GCC_WARN_UNINITIALIZED_AUTOS = YES_AGGRESSIVE;
				GCC_WARN_UNUSED_FUNCTION = YES;
				GCC_WARN_UNUSED_VARIABLE = YES;
				LOCALIZATION_PREFERS_STRING_CATALOGS = YES;
				MTL_ENABLE_DEBUG_INFO = NO;
				MTL_FAST_MATH = YES;
				SDKROOT = xros;
				SWIFT_COMPILATION_MODE = wholemodule;
				VALIDATE_PRODUCT = YES;
				XROS_DEPLOYMENT_TARGET = 1.0;
			};
			name = Release;
		};
		A3D114462B6F4A9A00412FEA /* Debug */ = {
			isa = XCBuildConfiguration;
			buildSettings = {
				ASSETCATALOG_COMPILER_APPICON_NAME = AppIcon;
				ASSETCATALOG_COMPILER_GLOBAL_ACCENT_COLOR_NAME = AccentColor;
				CODE_SIGN_STYLE = Automatic;
				CURRENT_PROJECT_VERSION = 1;
				DEVELOPMENT_ASSET_PATHS = "\"Spectra/Preview Content\"";
				DEVELOPMENT_TEAM = KMTZDB3J22;
				ENABLE_PREVIEWS = YES;
				ENABLE_USER_SCRIPT_SANDBOXING = NO;
				GENERATE_INFOPLIST_FILE = YES;
				INFOPLIST_FILE = "$(TARGET_NAME)/Info.plist";
				INFOPLIST_KEY_CFBundleDisplayName = Spectra;
				INFOPLIST_KEY_LSApplicationCategoryType = "public.app-category.entertainment";
				LD_RUNPATH_SEARCH_PATHS = (
					"$(inherited)",
					"@executable_path/Frameworks",
				);
				MARKETING_VERSION = 1.0;
				PRODUCT_BUNDLE_IDENTIFIER = com.JTostitos.Spectra;
				PRODUCT_NAME = "$(TARGET_NAME)";
				SUPPORTED_PLATFORMS = "xros xrsimulator";
				SWIFT_EMIT_LOC_STRINGS = YES;
				SWIFT_VERSION = 5.0;
				TARGETED_DEVICE_FAMILY = "1,2,7";
			};
			name = Debug;
		};
		A3D114472B6F4A9A00412FEA /* Release */ = {
			isa = XCBuildConfiguration;
			buildSettings = {
				ASSETCATALOG_COMPILER_APPICON_NAME = AppIcon;
				ASSETCATALOG_COMPILER_GLOBAL_ACCENT_COLOR_NAME = AccentColor;
				CODE_SIGN_STYLE = Automatic;
				CURRENT_PROJECT_VERSION = 1;
				DEVELOPMENT_ASSET_PATHS = "\"Spectra/Preview Content\"";
				DEVELOPMENT_TEAM = KMTZDB3J22;
				ENABLE_PREVIEWS = YES;
				ENABLE_USER_SCRIPT_SANDBOXING = NO;
				GENERATE_INFOPLIST_FILE = YES;
				INFOPLIST_FILE = "$(TARGET_NAME)/Info.plist";
				INFOPLIST_KEY_CFBundleDisplayName = Spectra;
				INFOPLIST_KEY_LSApplicationCategoryType = "public.app-category.entertainment";
				LD_RUNPATH_SEARCH_PATHS = (
					"$(inherited)",
					"@executable_path/Frameworks",
				);
				MARKETING_VERSION = 1.0;
				PRODUCT_BUNDLE_IDENTIFIER = com.JTostitos.Spectra;
				PRODUCT_NAME = "$(TARGET_NAME)";
				SUPPORTED_PLATFORMS = "xros xrsimulator";
				SWIFT_EMIT_LOC_STRINGS = YES;
				SWIFT_VERSION = 5.0;
				TARGETED_DEVICE_FAMILY = "1,2,7";
			};
			name = Release;
		};
/* End XCBuildConfiguration section */

/* Begin XCConfigurationList section */
		A3D1142D2B6F4A9800412FEA /* Build configuration list for PBXProject "Spectra" */ = {
			isa = XCConfigurationList;
			buildConfigurations = (
				A3D114432B6F4A9A00412FEA /* Debug */,
				A3D114442B6F4A9A00412FEA /* Release */,
			);
			defaultConfigurationIsVisible = 0;
			defaultConfigurationName = Release;
		};
		A3D114452B6F4A9A00412FEA /* Build configuration list for PBXNativeTarget "Spectra" */ = {
			isa = XCConfigurationList;
			buildConfigurations = (
				A3D114462B6F4A9A00412FEA /* Debug */,
				A3D114472B6F4A9A00412FEA /* Release */,
			);
			defaultConfigurationIsVisible = 0;
			defaultConfigurationName = Release;
		};
/* End XCConfigurationList section */

/* Begin XCLocalSwiftPackageReference section */
		A301E5592BC70DD800FA1CAF /* XCLocalSwiftPackageReference "../../Apple/Packages/JunoSlider" */ = {
			isa = XCLocalSwiftPackageReference;
			relativePath = ../../Apple/Packages/JunoSlider;
		};
/* End XCLocalSwiftPackageReference section */

/* Begin XCRemoteSwiftPackageReference section */
		A35C32122BC87C7F00DB8167 /* XCRemoteSwiftPackageReference "SwiftLint" */ = {
			isa = XCRemoteSwiftPackageReference;
			repositoryURL = "https://github.com/realm/SwiftLint.git";
			requirement = {
				kind = upToNextMinorVersion;
				minimumVersion = 0.54.0;
			};
		};
/* End XCRemoteSwiftPackageReference section */

/* Begin XCSwiftPackageProductDependency section */
		A301E55A2BC70DD800FA1CAF /* JunoUI */ = {
			isa = XCSwiftPackageProductDependency;
			productName = JunoUI;
		};
		A35C32132BC87CFE00DB8167 /* SwiftLintPlugin */ = {
			isa = XCSwiftPackageProductDependency;
			package = A35C32122BC87C7F00DB8167 /* XCRemoteSwiftPackageReference "SwiftLint" */;
			productName = "plugin:SwiftLintPlugin";
		};
/* End XCSwiftPackageProductDependency section */
	};
	rootObject = A3D1142A2B6F4A9800412FEA /* Project object */;
}
